
Microsoft Visual Studio Solution File, Format Version 12.00
# Visual Studio Version 16
VisualStudioVersion = 16.0.30011.22
MinimumVisualStudioVersion = 10.0.40219.1
Project("{FAE04EC0-301F-11D3-BF4B-00C04F79EFBC}") = "11. Multiplication Table 2.0", "11. Multiplication Table 2.0\11. Multiplication Table 2.0.csproj", "{94E6A1E5-F229-4C2E-B3C4-DDE8424BDFF0}"
EndProject
Global
	GlobalSection(SolutionConfigurationPlatforms) = preSolution
		Debug|Any CPU = Debug|Any CPU
		Release|Any CPU = Release|Any CPU
	EndGlobalSection
	GlobalSection(ProjectConfigurationPlatforms) = postSolution
		{94E6A1E5-F229-4C2E-B3C4-DDE8424BDFF0}.Debug|Any CPU.ActiveCfg = Debug|Any CPU
		{94E6A1E5-F229-4C2E-B3C4-DDE8424BDFF0}.Debug|Any CPU.Build.0 = Debug|Any CPU
		{94E6A1E5-F229-4C2E-B3C4-DDE8424BDFF0}.Release|Any CPU.ActiveCfg = Release|Any CPU
		{94E6A1E5-F229-4C2E-B3C4-DDE8424BDFF0}.Release|Any CPU.Build.0 = Release|Any CPU
	EndGlobalSection
	GlobalSection(SolutionProperties) = preSolution
		HideSolutionNode = FALSE
	EndGlobalSection
	GlobalSection(ExtensibilityGlobals) = postSolution
		SolutionGuid = {5A63FC70-BB01-4B70-99A7-5406D1C52509}
	EndGlobalSection
EndGlobal
