
Microsoft Visual Studio Solution File, Format Version 12.00
# Visual Studio Version 16
VisualStudioVersion = 16.0.30907.101
MinimumVisualStudioVersion = 10.0.40219.1
Project("{9A19103F-16F7-4668-BE54-9A1E7A4F7556}") = "PersonInfo", "PersonInfo\PersonInfo.csproj", "{5B51DAF9-A8CF-4BE9-9601-C492215BF076}"
EndProject
Project("{9A19103F-16F7-4668-BE54-9A1E7A4F7556}") = "Phones", "Phones\Phones.csproj", "{7E47A392-4C08-468C-A3E3-BC9A41EAB45A}"
EndProject
Project("{9A19103F-16F7-4668-BE54-9A1E7A4F7556}") = "ExplicitInterfaces", "ExplicitInterfaces\ExplicitInterfaces.csproj", "{02B29A67-36D2-4F74-8688-4C0F3A415EEC}"
EndProject
Project("{9A19103F-16F7-4668-BE54-9A1E7A4F7556}") = "BorderControl", "BorderControl\BorderControl.csproj", "{ECD73EB6-E6B1-494A-A994-37A11124F354}"
EndProject
Project("{9A19103F-16F7-4668-BE54-9A1E7A4F7556}") = "CollectionHierarchy", "CollectionHierarchy\CollectionHierarchy.csproj", "{A8394A19-33D2-43EE-BCE3-B28099400673}"
EndProject
Project("{9A19103F-16F7-4668-BE54-9A1E7A4F7556}") = "FoodShortage", "FoodShortage\FoodShortage.csproj", "{8FE700FF-2524-4505-A9FA-AEBD4963EE90}"
EndProject
Project("{9A19103F-16F7-4668-BE54-9A1E7A4F7556}") = "07.MilitaryElite", "07.MilitaryElite\07.MilitaryElite.csproj", "{60FA548B-D7EE-4089-B430-28EF98FB91BD}"
EndProject
Global
	GlobalSection(SolutionConfigurationPlatforms) = preSolution
		Debug|Any CPU = Debug|Any CPU
		Release|Any CPU = Release|Any CPU
	EndGlobalSection
	GlobalSection(ProjectConfigurationPlatforms) = postSolution
		{5B51DAF9-A8CF-4BE9-9601-C492215BF076}.Debug|Any CPU.ActiveCfg = Debug|Any CPU
		{5B51DAF9-A8CF-4BE9-9601-C492215BF076}.Debug|Any CPU.Build.0 = Debug|Any CPU
		{5B51DAF9-A8CF-4BE9-9601-C492215BF076}.Release|Any CPU.ActiveCfg = Release|Any CPU
		{5B51DAF9-A8CF-4BE9-9601-C492215BF076}.Release|Any CPU.Build.0 = Release|Any CPU
		{7E47A392-4C08-468C-A3E3-BC9A41EAB45A}.Debug|Any CPU.ActiveCfg = Debug|Any CPU
		{7E47A392-4C08-468C-A3E3-BC9A41EAB45A}.Debug|Any CPU.Build.0 = Debug|Any CPU
		{7E47A392-4C08-468C-A3E3-BC9A41EAB45A}.Release|Any CPU.ActiveCfg = Release|Any CPU
		{7E47A392-4C08-468C-A3E3-BC9A41EAB45A}.Release|Any CPU.Build.0 = Release|Any CPU
		{02B29A67-36D2-4F74-8688-4C0F3A415EEC}.Debug|Any CPU.ActiveCfg = Debug|Any CPU
		{02B29A67-36D2-4F74-8688-4C0F3A415EEC}.Debug|Any CPU.Build.0 = Debug|Any CPU
		{02B29A67-36D2-4F74-8688-4C0F3A415EEC}.Release|Any CPU.ActiveCfg = Release|Any CPU
		{02B29A67-36D2-4F74-8688-4C0F3A415EEC}.Release|Any CPU.Build.0 = Release|Any CPU
		{ECD73EB6-E6B1-494A-A994-37A11124F354}.Debug|Any CPU.ActiveCfg = Debug|Any CPU
		{ECD73EB6-E6B1-494A-A994-37A11124F354}.Debug|Any CPU.Build.0 = Debug|Any CPU
		{ECD73EB6-E6B1-494A-A994-37A11124F354}.Release|Any CPU.ActiveCfg = Release|Any CPU
		{ECD73EB6-E6B1-494A-A994-37A11124F354}.Release|Any CPU.Build.0 = Release|Any CPU
		{A8394A19-33D2-43EE-BCE3-B28099400673}.Debug|Any CPU.ActiveCfg = Debug|Any CPU
		{A8394A19-33D2-43EE-BCE3-B28099400673}.Debug|Any CPU.Build.0 = Debug|Any CPU
		{A8394A19-33D2-43EE-BCE3-B28099400673}.Release|Any CPU.ActiveCfg = Release|Any CPU
		{A8394A19-33D2-43EE-BCE3-B28099400673}.Release|Any CPU.Build.0 = Release|Any CPU
		{8FE700FF-2524-4505-A9FA-AEBD4963EE90}.Debug|Any CPU.ActiveCfg = Debug|Any CPU
		{8FE700FF-2524-4505-A9FA-AEBD4963EE90}.Debug|Any CPU.Build.0 = Debug|Any CPU
		{8FE700FF-2524-4505-A9FA-AEBD4963EE90}.Release|Any CPU.ActiveCfg = Release|Any CPU
		{8FE700FF-2524-4505-A9FA-AEBD4963EE90}.Release|Any CPU.Build.0 = Release|Any CPU
		{60FA548B-D7EE-4089-B430-28EF98FB91BD}.Debug|Any CPU.ActiveCfg = Debug|Any CPU
		{60FA548B-D7EE-4089-B430-28EF98FB91BD}.Debug|Any CPU.Build.0 = Debug|Any CPU
		{60FA548B-D7EE-4089-B430-28EF98FB91BD}.Release|Any CPU.ActiveCfg = Release|Any CPU
		{60FA548B-D7EE-4089-B430-28EF98FB91BD}.Release|Any CPU.Build.0 = Release|Any CPU
	EndGlobalSection
	GlobalSection(SolutionProperties) = preSolution
		HideSolutionNode = FALSE
	EndGlobalSection
	GlobalSection(ExtensibilityGlobals) = postSolution
		SolutionGuid = {C6C6D07E-2849-430A-B328-BE8B54022E59}
	EndGlobalSection
EndGlobal
