
Microsoft Visual Studio Solution File, Format Version 12.00
# Visual Studio Version 16
VisualStudioVersion = 16.0.30011.22
MinimumVisualStudioVersion = 10.0.40219.1
Project("{FAE04EC0-301F-11D3-BF4B-00C04F79EFBC}") = "04. CenturiesToMinutes", "04. CenturiesToMinutes\04. CenturiesToMinutes.csproj", "{6CF16BB0-2C2F-44CE-A064-BF24D0B2AF77}"
EndProject
Global
	GlobalSection(SolutionConfigurationPlatforms) = preSolution
		Debug|Any CPU = Debug|Any CPU
		Release|Any CPU = Release|Any CPU
	EndGlobalSection
	GlobalSection(ProjectConfigurationPlatforms) = postSolution
		{6CF16BB0-2C2F-44CE-A064-BF24D0B2AF77}.Debug|Any CPU.ActiveCfg = Debug|Any CPU
		{6CF16BB0-2C2F-44CE-A064-BF24D0B2AF77}.Debug|Any CPU.Build.0 = Debug|Any CPU
		{6CF16BB0-2C2F-44CE-A064-BF24D0B2AF77}.Release|Any CPU.ActiveCfg = Release|Any CPU
		{6CF16BB0-2C2F-44CE-A064-BF24D0B2AF77}.Release|Any CPU.Build.0 = Release|Any CPU
	EndGlobalSection
	GlobalSection(SolutionProperties) = preSolution
		HideSolutionNode = FALSE
	EndGlobalSection
	GlobalSection(ExtensibilityGlobals) = postSolution
		SolutionGuid = {256C0B78-01F2-40BD-B5D3-8A2E1737906E}
	EndGlobalSection
EndGlobal
