
Microsoft Visual Studio Solution File, Format Version 12.00
# Visual Studio Version 17
VisualStudioVersion = 17.0.31903.59
MinimumVisualStudioVersion = 10.0.40219.1
Project("{9A19103F-16F7-4668-BE54-9A1E7A4F7556}") = "OrmFundamentals", "Testing\OrmFundamentals.csproj", "{6DC3E23C-1F1E-4344-9DD5-1AD92A2560A6}"
EndProject
Project("{FAE04EC0-301F-11D3-BF4B-00C04F79EFBC}") = "CodeFirstDemo", "CodeFirstDemo\CodeFirstDemo.csproj", "{C2582206-3454-4154-8454-4FB82B8C9ABE}"
EndProject
Global
	GlobalSection(SolutionConfigurationPlatforms) = preSolution
		Debug|Any CPU = Debug|Any CPU
		Release|Any CPU = Release|Any CPU
	EndGlobalSection
	GlobalSection(ProjectConfigurationPlatforms) = postSolution
		{6DC3E23C-1F1E-4344-9DD5-1AD92A2560A6}.Debug|Any CPU.ActiveCfg = Debug|Any CPU
		{6DC3E23C-1F1E-4344-9DD5-1AD92A2560A6}.Debug|Any CPU.Build.0 = Debug|Any CPU
		{6DC3E23C-1F1E-4344-9DD5-1AD92A2560A6}.Release|Any CPU.ActiveCfg = Release|Any CPU
		{6DC3E23C-1F1E-4344-9DD5-1AD92A2560A6}.Release|Any CPU.Build.0 = Release|Any CPU
		{C2582206-3454-4154-8454-4FB82B8C9ABE}.Debug|Any CPU.ActiveCfg = Debug|Any CPU
		{C2582206-3454-4154-8454-4FB82B8C9ABE}.Debug|Any CPU.Build.0 = Debug|Any CPU
		{C2582206-3454-4154-8454-4FB82B8C9ABE}.Release|Any CPU.ActiveCfg = Release|Any CPU
		{C2582206-3454-4154-8454-4FB82B8C9ABE}.Release|Any CPU.Build.0 = Release|Any CPU
	EndGlobalSection
	GlobalSection(SolutionProperties) = preSolution
		HideSolutionNode = FALSE
	EndGlobalSection
	GlobalSection(ExtensibilityGlobals) = postSolution
		SolutionGuid = {75100169-8C8C-438E-A4E8-F9F14048A8DC}
	EndGlobalSection
EndGlobal
