
Microsoft Visual Studio Solution File, Format Version 12.00
# Visual Studio Version 16
VisualStudioVersion = 16.0.30717.126
MinimumVisualStudioVersion = 10.0.40219.1
Project("{9A19103F-16F7-4668-BE54-9A1E7A4F7556}") = "SoftUniParking", "SoftUniParking.csproj", "{BCCF2AE8-1610-4352-83E4-ED0D91BE4401}"
EndProject
Global
	GlobalSection(SolutionConfigurationPlatforms) = preSolution
		Debug|Any CPU = Debug|Any CPU
		Release|Any CPU = Release|Any CPU
	EndGlobalSection
	GlobalSection(ProjectConfigurationPlatforms) = postSolution
		{BCCF2AE8-1610-4352-83E4-ED0D91BE4401}.Debug|Any CPU.ActiveCfg = Debug|Any CPU
		{BCCF2AE8-1610-4352-83E4-ED0D91BE4401}.Debug|Any CPU.Build.0 = Debug|Any CPU
		{BCCF2AE8-1610-4352-83E4-ED0D91BE4401}.Release|Any CPU.ActiveCfg = Release|Any CPU
		{BCCF2AE8-1610-4352-83E4-ED0D91BE4401}.Release|Any CPU.Build.0 = Release|Any CPU
	EndGlobalSection
	GlobalSection(SolutionProperties) = preSolution
		HideSolutionNode = FALSE
	EndGlobalSection
	GlobalSection(ExtensibilityGlobals) = postSolution
		SolutionGuid = {DE52A4A1-162F-4459-9BC6-B48D810ADC8E}
	EndGlobalSection
EndGlobal
