
Microsoft Visual Studio Solution File, Format Version 12.00
# Visual Studio Version 16
VisualStudioVersion = 16.0.30011.22
MinimumVisualStudioVersion = 10.0.40219.1
Project("{FAE04EC0-301F-11D3-BF4B-00C04F79EFBC}") = "01. Data Types", "01. Data Types\01. Data Types.csproj", "{C7D282AE-7060-4576-8F04-E4A5F1D0C715}"
EndProject
Project("{FAE04EC0-301F-11D3-BF4B-00C04F79EFBC}") = "02. Center Point", "02. Center Point\02. Center Point.csproj", "{EE504836-E21C-4B44-B0B3-0AC52C78E5E8}"
EndProject
Project("{FAE04EC0-301F-11D3-BF4B-00C04F79EFBC}") = "03. Longer Line", "03. Longer Line\03. Longer Line.csproj", "{0420C984-5C3A-434F-8A2D-917E6D00EF26}"
EndProject
Project("{FAE04EC0-301F-11D3-BF4B-00C04F79EFBC}") = "04. Tribonacci Sequence", "04. Tribonacci Sequence\04. Tribonacci Sequence.csproj", "{7A9ABFB6-D044-45B9-9282-719E7701816C}"
EndProject
Project("{FAE04EC0-301F-11D3-BF4B-00C04F79EFBC}") = "05. Multiplication Sign", "05. Multiplication Sign\05. Multiplication Sign.csproj", "{A307C7E9-F46D-4047-BC55-666047D76EA4}"
EndProject
Global
	GlobalSection(SolutionConfigurationPlatforms) = preSolution
		Debug|Any CPU = Debug|Any CPU
		Release|Any CPU = Release|Any CPU
	EndGlobalSection
	GlobalSection(ProjectConfigurationPlatforms) = postSolution
		{C7D282AE-7060-4576-8F04-E4A5F1D0C715}.Debug|Any CPU.ActiveCfg = Debug|Any CPU
		{C7D282AE-7060-4576-8F04-E4A5F1D0C715}.Debug|Any CPU.Build.0 = Debug|Any CPU
		{C7D282AE-7060-4576-8F04-E4A5F1D0C715}.Release|Any CPU.ActiveCfg = Release|Any CPU
		{C7D282AE-7060-4576-8F04-E4A5F1D0C715}.Release|Any CPU.Build.0 = Release|Any CPU
		{EE504836-E21C-4B44-B0B3-0AC52C78E5E8}.Debug|Any CPU.ActiveCfg = Debug|Any CPU
		{EE504836-E21C-4B44-B0B3-0AC52C78E5E8}.Debug|Any CPU.Build.0 = Debug|Any CPU
		{EE504836-E21C-4B44-B0B3-0AC52C78E5E8}.Release|Any CPU.ActiveCfg = Release|Any CPU
		{EE504836-E21C-4B44-B0B3-0AC52C78E5E8}.Release|Any CPU.Build.0 = Release|Any CPU
		{0420C984-5C3A-434F-8A2D-917E6D00EF26}.Debug|Any CPU.ActiveCfg = Debug|Any CPU
		{0420C984-5C3A-434F-8A2D-917E6D00EF26}.Debug|Any CPU.Build.0 = Debug|Any CPU
		{0420C984-5C3A-434F-8A2D-917E6D00EF26}.Release|Any CPU.ActiveCfg = Release|Any CPU
		{0420C984-5C3A-434F-8A2D-917E6D00EF26}.Release|Any CPU.Build.0 = Release|Any CPU
		{7A9ABFB6-D044-45B9-9282-719E7701816C}.Debug|Any CPU.ActiveCfg = Debug|Any CPU
		{7A9ABFB6-D044-45B9-9282-719E7701816C}.Debug|Any CPU.Build.0 = Debug|Any CPU
		{7A9ABFB6-D044-45B9-9282-719E7701816C}.Release|Any CPU.ActiveCfg = Release|Any CPU
		{7A9ABFB6-D044-45B9-9282-719E7701816C}.Release|Any CPU.Build.0 = Release|Any CPU
		{A307C7E9-F46D-4047-BC55-666047D76EA4}.Debug|Any CPU.ActiveCfg = Debug|Any CPU
		{A307C7E9-F46D-4047-BC55-666047D76EA4}.Debug|Any CPU.Build.0 = Debug|Any CPU
		{A307C7E9-F46D-4047-BC55-666047D76EA4}.Release|Any CPU.ActiveCfg = Release|Any CPU
		{A307C7E9-F46D-4047-BC55-666047D76EA4}.Release|Any CPU.Build.0 = Release|Any CPU
	EndGlobalSection
	GlobalSection(SolutionProperties) = preSolution
		HideSolutionNode = FALSE
	EndGlobalSection
	GlobalSection(ExtensibilityGlobals) = postSolution
		SolutionGuid = {97F15C17-934C-4F6A-BB6F-A698BBCB8BB6}
	EndGlobalSection
EndGlobal
