
Microsoft Visual Studio Solution File, Format Version 12.00
# Visual Studio Version 17
VisualStudioVersion = 17.0.31903.59
MinimumVisualStudioVersion = 10.0.40219.1
Project("{FAE04EC0-301F-11D3-BF4B-00C04F79EFBC}") = "SoftUni", "SoftUni\SoftUni.csproj", "{64AB0291-2697-4F02-8800-657118389AA5}"
EndProject
Global
	GlobalSection(SolutionConfigurationPlatforms) = preSolution
		Debug|Any CPU = Debug|Any CPU
		Release|Any CPU = Release|Any CPU
	EndGlobalSection
	GlobalSection(ProjectConfigurationPlatforms) = postSolution
		{64AB0291-2697-4F02-8800-657118389AA5}.Debug|Any CPU.ActiveCfg = Debug|Any CPU
		{64AB0291-2697-4F02-8800-657118389AA5}.Debug|Any CPU.Build.0 = Debug|Any CPU
		{64AB0291-2697-4F02-8800-657118389AA5}.Release|Any CPU.ActiveCfg = Release|Any CPU
		{64AB0291-2697-4F02-8800-657118389AA5}.Release|Any CPU.Build.0 = Release|Any CPU
	EndGlobalSection
	GlobalSection(SolutionProperties) = preSolution
		HideSolutionNode = FALSE
	EndGlobalSection
	GlobalSection(ExtensibilityGlobals) = postSolution
		SolutionGuid = {5E668C13-5A8A-4F09-9201-1B992DBE4DCA}
	EndGlobalSection
EndGlobal
