
Microsoft Visual Studio Solution File, Format Version 12.00
# Visual Studio Version 16
VisualStudioVersion = 16.0.30011.22
MinimumVisualStudioVersion = 10.0.40219.1
Project("{9A19103F-16F7-4668-BE54-9A1E7A4F7556}") = "01. Encrypt, Sort and Print Array", "More Exercises Arrays\01. Encrypt, Sort and Print Array.csproj", "{4E156BBE-FAFF-44E6-B278-AA8BCBAEB06B}"
EndProject
Project("{FAE04EC0-301F-11D3-BF4B-00C04F79EFBC}") = "02. Pascal Triangle", "02. Pascal Triangle\02. Pascal Triangle.csproj", "{844B1AFF-700C-47A1-B35E-B9AAC092842D}"
EndProject
Project("{FAE04EC0-301F-11D3-BF4B-00C04F79EFBC}") = "03. Recursive Fibonacci", "03. Recursive Fibonacci\03. Recursive Fibonacci.csproj", "{7C4B740D-7564-4FF7-9C4E-EDE59E02E4B5}"
EndProject
Project("{FAE04EC0-301F-11D3-BF4B-00C04F79EFBC}") = "04. Fold And Sum", "04. Fold And Sum\04. Fold And Sum.csproj", "{C3BEC49D-6BB9-42BA-9FE2-16347D40F046}"
EndProject
Project("{FAE04EC0-301F-11D3-BF4B-00C04F79EFBC}") = "05. Longest Increasing Subsequence", "05. Longest Increasing Subsequence\05. Longest Increasing Subsequence.csproj", "{363565E0-D03C-48AB-85D0-38771DBF2C90}"
EndProject
Global
	GlobalSection(SolutionConfigurationPlatforms) = preSolution
		Debug|Any CPU = Debug|Any CPU
		Release|Any CPU = Release|Any CPU
	EndGlobalSection
	GlobalSection(ProjectConfigurationPlatforms) = postSolution
		{4E156BBE-FAFF-44E6-B278-AA8BCBAEB06B}.Debug|Any CPU.ActiveCfg = Debug|Any CPU
		{4E156BBE-FAFF-44E6-B278-AA8BCBAEB06B}.Debug|Any CPU.Build.0 = Debug|Any CPU
		{4E156BBE-FAFF-44E6-B278-AA8BCBAEB06B}.Release|Any CPU.ActiveCfg = Release|Any CPU
		{4E156BBE-FAFF-44E6-B278-AA8BCBAEB06B}.Release|Any CPU.Build.0 = Release|Any CPU
		{844B1AFF-700C-47A1-B35E-B9AAC092842D}.Debug|Any CPU.ActiveCfg = Debug|Any CPU
		{844B1AFF-700C-47A1-B35E-B9AAC092842D}.Debug|Any CPU.Build.0 = Debug|Any CPU
		{844B1AFF-700C-47A1-B35E-B9AAC092842D}.Release|Any CPU.ActiveCfg = Release|Any CPU
		{844B1AFF-700C-47A1-B35E-B9AAC092842D}.Release|Any CPU.Build.0 = Release|Any CPU
		{7C4B740D-7564-4FF7-9C4E-EDE59E02E4B5}.Debug|Any CPU.ActiveCfg = Debug|Any CPU
		{7C4B740D-7564-4FF7-9C4E-EDE59E02E4B5}.Debug|Any CPU.Build.0 = Debug|Any CPU
		{7C4B740D-7564-4FF7-9C4E-EDE59E02E4B5}.Release|Any CPU.ActiveCfg = Release|Any CPU
		{7C4B740D-7564-4FF7-9C4E-EDE59E02E4B5}.Release|Any CPU.Build.0 = Release|Any CPU
		{C3BEC49D-6BB9-42BA-9FE2-16347D40F046}.Debug|Any CPU.ActiveCfg = Debug|Any CPU
		{C3BEC49D-6BB9-42BA-9FE2-16347D40F046}.Debug|Any CPU.Build.0 = Debug|Any CPU
		{C3BEC49D-6BB9-42BA-9FE2-16347D40F046}.Release|Any CPU.ActiveCfg = Release|Any CPU
		{C3BEC49D-6BB9-42BA-9FE2-16347D40F046}.Release|Any CPU.Build.0 = Release|Any CPU
		{363565E0-D03C-48AB-85D0-38771DBF2C90}.Debug|Any CPU.ActiveCfg = Debug|Any CPU
		{363565E0-D03C-48AB-85D0-38771DBF2C90}.Debug|Any CPU.Build.0 = Debug|Any CPU
		{363565E0-D03C-48AB-85D0-38771DBF2C90}.Release|Any CPU.ActiveCfg = Release|Any CPU
		{363565E0-D03C-48AB-85D0-38771DBF2C90}.Release|Any CPU.Build.0 = Release|Any CPU
	EndGlobalSection
	GlobalSection(SolutionProperties) = preSolution
		HideSolutionNode = FALSE
	EndGlobalSection
	GlobalSection(ExtensibilityGlobals) = postSolution
		SolutionGuid = {D68ECF8C-55B2-411E-B5E2-D7E2080531E8}
	EndGlobalSection
EndGlobal
