
Microsoft Visual Studio Solution File, Format Version 12.00
# Visual Studio Version 16
VisualStudioVersion = 16.0.30011.22
MinimumVisualStudioVersion = 10.0.40219.1
Project("{FAE04EC0-301F-11D3-BF4B-00C04F79EFBC}") = "08. BeerKegs", "08. BeerKegs\08. BeerKegs.csproj", "{D548BBDF-412A-4A60-A20D-F699CF86996A}"
EndProject
Global
	GlobalSection(SolutionConfigurationPlatforms) = preSolution
		Debug|Any CPU = Debug|Any CPU
		Release|Any CPU = Release|Any CPU
	EndGlobalSection
	GlobalSection(ProjectConfigurationPlatforms) = postSolution
		{D548BBDF-412A-4A60-A20D-F699CF86996A}.Debug|Any CPU.ActiveCfg = Debug|Any CPU
		{D548BBDF-412A-4A60-A20D-F699CF86996A}.Debug|Any CPU.Build.0 = Debug|Any CPU
		{D548BBDF-412A-4A60-A20D-F699CF86996A}.Release|Any CPU.ActiveCfg = Release|Any CPU
		{D548BBDF-412A-4A60-A20D-F699CF86996A}.Release|Any CPU.Build.0 = Release|Any CPU
	EndGlobalSection
	GlobalSection(SolutionProperties) = preSolution
		HideSolutionNode = FALSE
	EndGlobalSection
	GlobalSection(ExtensibilityGlobals) = postSolution
		SolutionGuid = {1810B536-E813-4BF0-89A7-0E859710BB23}
	EndGlobalSection
EndGlobal
