
Microsoft Visual Studio Solution File, Format Version 12.00
# Visual Studio Version 16
VisualStudioVersion = 16.0.30011.22
MinimumVisualStudioVersion = 10.0.40219.1
Project("{FAE04EC0-301F-11D3-BF4B-00C04F79EFBC}") = "03. SumOfExactNumbers", "03. SumOfExactNumbers\03. SumOfExactNumbers.csproj", "{3C2C1D88-026E-411C-A1C2-0AF8C5630AF2}"
EndProject
Global
	GlobalSection(SolutionConfigurationPlatforms) = preSolution
		Debug|Any CPU = Debug|Any CPU
		Release|Any CPU = Release|Any CPU
	EndGlobalSection
	GlobalSection(ProjectConfigurationPlatforms) = postSolution
		{3C2C1D88-026E-411C-A1C2-0AF8C5630AF2}.Debug|Any CPU.ActiveCfg = Debug|Any CPU
		{3C2C1D88-026E-411C-A1C2-0AF8C5630AF2}.Debug|Any CPU.Build.0 = Debug|Any CPU
		{3C2C1D88-026E-411C-A1C2-0AF8C5630AF2}.Release|Any CPU.ActiveCfg = Release|Any CPU
		{3C2C1D88-026E-411C-A1C2-0AF8C5630AF2}.Release|Any CPU.Build.0 = Release|Any CPU
	EndGlobalSection
	GlobalSection(SolutionProperties) = preSolution
		HideSolutionNode = FALSE
	EndGlobalSection
	GlobalSection(ExtensibilityGlobals) = postSolution
		SolutionGuid = {09758DA9-AA50-43BC-A64B-248B1A144199}
	EndGlobalSection
EndGlobal
