
Microsoft Visual Studio Solution File, Format Version 12.00
# Visual Studio Version 16
VisualStudioVersion = 16.0.30011.22
MinimumVisualStudioVersion = 10.0.40219.1
Project("{FAE04EC0-301F-11D3-BF4B-00C04F79EFBC}") = "08. TownInfo", "08. TownInfo\08. TownInfo.csproj", "{D4D296BD-2A41-4369-A5C9-D15C3207A25A}"
EndProject
Global
	GlobalSection(SolutionConfigurationPlatforms) = preSolution
		Debug|Any CPU = Debug|Any CPU
		Release|Any CPU = Release|Any CPU
	EndGlobalSection
	GlobalSection(ProjectConfigurationPlatforms) = postSolution
		{D4D296BD-2A41-4369-A5C9-D15C3207A25A}.Debug|Any CPU.ActiveCfg = Debug|Any CPU
		{D4D296BD-2A41-4369-A5C9-D15C3207A25A}.Debug|Any CPU.Build.0 = Debug|Any CPU
		{D4D296BD-2A41-4369-A5C9-D15C3207A25A}.Release|Any CPU.ActiveCfg = Release|Any CPU
		{D4D296BD-2A41-4369-A5C9-D15C3207A25A}.Release|Any CPU.Build.0 = Release|Any CPU
	EndGlobalSection
	GlobalSection(SolutionProperties) = preSolution
		HideSolutionNode = FALSE
	EndGlobalSection
	GlobalSection(ExtensibilityGlobals) = postSolution
		SolutionGuid = {051F0918-E3DD-4943-B43D-8BFCEF6ED607}
	EndGlobalSection
EndGlobal
