
Microsoft Visual Studio Solution File, Format Version 12.00
# Visual Studio Version 16
VisualStudioVersion = 16.0.30907.101
MinimumVisualStudioVersion = 10.0.40219.1
Project("{FAE04EC0-301F-11D3-BF4B-00C04F79EFBC}") = "01. Square Root", "01. Square Root\01. Square Root.csproj", "{450D9134-2EFD-458B-974C-3BD85403B06D}"
EndProject
Project("{FAE04EC0-301F-11D3-BF4B-00C04F79EFBC}") = "02. Enter Numbers", "02. Enter Numbers\02. Enter Numbers.csproj", "{B95A8869-C53D-43F9-B510-1F55C26CFA8F}"
EndProject
Project("{FAE04EC0-301F-11D3-BF4B-00C04F79EFBC}") = "03. Fixing", "03. Fixing\03. Fixing.csproj", "{AC04D881-B3F4-44C3-B7DE-BCCC88323953}"
EndProject
Project("{FAE04EC0-301F-11D3-BF4B-00C04F79EFBC}") = "04. Fixing Vol2", "04. Fixing Vol2\04. Fixing Vol2.csproj", "{3DE9B744-D720-46C0-88EE-659D6C1177FF}"
EndProject
Project("{FAE04EC0-301F-11D3-BF4B-00C04F79EFBC}") = "05. Convert.ToDouble", "05. Convert.ToDouble\05. Convert.ToDouble.csproj", "{32B57202-EA27-49D3-B461-A5F0FF771718}"
EndProject
Project("{FAE04EC0-301F-11D3-BF4B-00C04F79EFBC}") = "06. Valid Person", "06. Valid Person\06. Valid Person.csproj", "{ECF92C58-A769-4022-9749-9E5F3D4ABC9C}"
EndProject
Project("{FAE04EC0-301F-11D3-BF4B-00C04F79EFBC}") = "07. Custom Exception", "07. Custom Exception\07. Custom Exception.csproj", "{0FCEA07D-F455-42E5-8429-826F30BE355F}"
EndProject
Global
	GlobalSection(SolutionConfigurationPlatforms) = preSolution
		Debug|Any CPU = Debug|Any CPU
		Release|Any CPU = Release|Any CPU
	EndGlobalSection
	GlobalSection(ProjectConfigurationPlatforms) = postSolution
		{450D9134-2EFD-458B-974C-3BD85403B06D}.Debug|Any CPU.ActiveCfg = Debug|Any CPU
		{450D9134-2EFD-458B-974C-3BD85403B06D}.Debug|Any CPU.Build.0 = Debug|Any CPU
		{450D9134-2EFD-458B-974C-3BD85403B06D}.Release|Any CPU.ActiveCfg = Release|Any CPU
		{450D9134-2EFD-458B-974C-3BD85403B06D}.Release|Any CPU.Build.0 = Release|Any CPU
		{B95A8869-C53D-43F9-B510-1F55C26CFA8F}.Debug|Any CPU.ActiveCfg = Debug|Any CPU
		{B95A8869-C53D-43F9-B510-1F55C26CFA8F}.Debug|Any CPU.Build.0 = Debug|Any CPU
		{B95A8869-C53D-43F9-B510-1F55C26CFA8F}.Release|Any CPU.ActiveCfg = Release|Any CPU
		{B95A8869-C53D-43F9-B510-1F55C26CFA8F}.Release|Any CPU.Build.0 = Release|Any CPU
		{AC04D881-B3F4-44C3-B7DE-BCCC88323953}.Debug|Any CPU.ActiveCfg = Debug|Any CPU
		{AC04D881-B3F4-44C3-B7DE-BCCC88323953}.Debug|Any CPU.Build.0 = Debug|Any CPU
		{AC04D881-B3F4-44C3-B7DE-BCCC88323953}.Release|Any CPU.ActiveCfg = Release|Any CPU
		{AC04D881-B3F4-44C3-B7DE-BCCC88323953}.Release|Any CPU.Build.0 = Release|Any CPU
		{3DE9B744-D720-46C0-88EE-659D6C1177FF}.Debug|Any CPU.ActiveCfg = Debug|Any CPU
		{3DE9B744-D720-46C0-88EE-659D6C1177FF}.Debug|Any CPU.Build.0 = Debug|Any CPU
		{3DE9B744-D720-46C0-88EE-659D6C1177FF}.Release|Any CPU.ActiveCfg = Release|Any CPU
		{3DE9B744-D720-46C0-88EE-659D6C1177FF}.Release|Any CPU.Build.0 = Release|Any CPU
		{32B57202-EA27-49D3-B461-A5F0FF771718}.Debug|Any CPU.ActiveCfg = Debug|Any CPU
		{32B57202-EA27-49D3-B461-A5F0FF771718}.Debug|Any CPU.Build.0 = Debug|Any CPU
		{32B57202-EA27-49D3-B461-A5F0FF771718}.Release|Any CPU.ActiveCfg = Release|Any CPU
		{32B57202-EA27-49D3-B461-A5F0FF771718}.Release|Any CPU.Build.0 = Release|Any CPU
		{ECF92C58-A769-4022-9749-9E5F3D4ABC9C}.Debug|Any CPU.ActiveCfg = Debug|Any CPU
		{ECF92C58-A769-4022-9749-9E5F3D4ABC9C}.Debug|Any CPU.Build.0 = Debug|Any CPU
		{ECF92C58-A769-4022-9749-9E5F3D4ABC9C}.Release|Any CPU.ActiveCfg = Release|Any CPU
		{ECF92C58-A769-4022-9749-9E5F3D4ABC9C}.Release|Any CPU.Build.0 = Release|Any CPU
		{0FCEA07D-F455-42E5-8429-826F30BE355F}.Debug|Any CPU.ActiveCfg = Debug|Any CPU
		{0FCEA07D-F455-42E5-8429-826F30BE355F}.Debug|Any CPU.Build.0 = Debug|Any CPU
		{0FCEA07D-F455-42E5-8429-826F30BE355F}.Release|Any CPU.ActiveCfg = Release|Any CPU
		{0FCEA07D-F455-42E5-8429-826F30BE355F}.Release|Any CPU.Build.0 = Release|Any CPU
	EndGlobalSection
	GlobalSection(SolutionProperties) = preSolution
		HideSolutionNode = FALSE
	EndGlobalSection
	GlobalSection(ExtensibilityGlobals) = postSolution
		SolutionGuid = {EB571903-D04F-4372-876E-A70E6F8A5A8B}
	EndGlobalSection
EndGlobal
