
Microsoft Visual Studio Solution File, Format Version 12.00
# Visual Studio Version 16
VisualStudioVersion = 16.0.30907.101
MinimumVisualStudioVersion = 10.0.40219.1
Project("{FAE04EC0-301F-11D3-BF4B-00C04F79EFBC}") = "Logger", "Logger\Logger.csproj", "{F3CAB9D1-762A-4B53-BB56-D0E9D5396BE1}"
EndProject
Global
	GlobalSection(SolutionConfigurationPlatforms) = preSolution
		Debug|Any CPU = Debug|Any CPU
		Release|Any CPU = Release|Any CPU
	EndGlobalSection
	GlobalSection(ProjectConfigurationPlatforms) = postSolution
		{F3CAB9D1-762A-4B53-BB56-D0E9D5396BE1}.Debug|Any CPU.ActiveCfg = Debug|Any CPU
		{F3CAB9D1-762A-4B53-BB56-D0E9D5396BE1}.Debug|Any CPU.Build.0 = Debug|Any CPU
		{F3CAB9D1-762A-4B53-BB56-D0E9D5396BE1}.Release|Any CPU.ActiveCfg = Release|Any CPU
		{F3CAB9D1-762A-4B53-BB56-D0E9D5396BE1}.Release|Any CPU.Build.0 = Release|Any CPU
	EndGlobalSection
	GlobalSection(SolutionProperties) = preSolution
		HideSolutionNode = FALSE
	EndGlobalSection
	GlobalSection(ExtensibilityGlobals) = postSolution
		SolutionGuid = {D3384148-E851-473C-A9ED-4D0DEDA6901F}
	EndGlobalSection
EndGlobal
