
Microsoft Visual Studio Solution File, Format Version 12.00
# Visual Studio Version 17
VisualStudioVersion = 17.0.31903.59
MinimumVisualStudioVersion = 10.0.40219.1
Project("{FAE04EC0-301F-11D3-BF4B-00C04F79EFBC}") = "BasicWebServer.Server", "BasicWebServer.Server\BasicWebServer.Server.csproj", "{8E6C5AC0-2589-449F-85FE-3619C25189E0}"
EndProject
Project("{FAE04EC0-301F-11D3-BF4B-00C04F79EFBC}") = "BasicWebServer.Demo", "BasicWebServer.Demo\BasicWebServer.Demo.csproj", "{CA4D0A00-2E2C-4276-888C-A383D600FE75}"
EndProject
Global
	GlobalSection(SolutionConfigurationPlatforms) = preSolution
		Debug|Any CPU = Debug|Any CPU
		Release|Any CPU = Release|Any CPU
	EndGlobalSection
	GlobalSection(ProjectConfigurationPlatforms) = postSolution
		{8E6C5AC0-2589-449F-85FE-3619C25189E0}.Debug|Any CPU.ActiveCfg = Debug|Any CPU
		{8E6C5AC0-2589-449F-85FE-3619C25189E0}.Debug|Any CPU.Build.0 = Debug|Any CPU
		{8E6C5AC0-2589-449F-85FE-3619C25189E0}.Release|Any CPU.ActiveCfg = Release|Any CPU
		{8E6C5AC0-2589-449F-85FE-3619C25189E0}.Release|Any CPU.Build.0 = Release|Any CPU
		{CA4D0A00-2E2C-4276-888C-A383D600FE75}.Debug|Any CPU.ActiveCfg = Debug|Any CPU
		{CA4D0A00-2E2C-4276-888C-A383D600FE75}.Debug|Any CPU.Build.0 = Debug|Any CPU
		{CA4D0A00-2E2C-4276-888C-A383D600FE75}.Release|Any CPU.ActiveCfg = Release|Any CPU
		{CA4D0A00-2E2C-4276-888C-A383D600FE75}.Release|Any CPU.Build.0 = Release|Any CPU
	EndGlobalSection
	GlobalSection(SolutionProperties) = preSolution
		HideSolutionNode = FALSE
	EndGlobalSection
	GlobalSection(ExtensibilityGlobals) = postSolution
		SolutionGuid = {BCD61185-5A6C-4AD3-B63A-0C2538E9DC5F}
	EndGlobalSection
EndGlobal
