
Microsoft Visual Studio Solution File, Format Version 12.00
# Visual Studio Version 16
VisualStudioVersion = 16.0.30011.22
MinimumVisualStudioVersion = 10.0.40219.1
Project("{FAE04EC0-301F-11D3-BF4B-00C04F79EFBC}") = "02. Passed", "02. Passed\02. Passed.csproj", "{D6EC1C42-0C7B-43D0-89AB-8DBDD5643C7A}"
EndProject
Global
	GlobalSection(SolutionConfigurationPlatforms) = preSolution
		Debug|Any CPU = Debug|Any CPU
		Release|Any CPU = Release|Any CPU
	EndGlobalSection
	GlobalSection(ProjectConfigurationPlatforms) = postSolution
		{D6EC1C42-0C7B-43D0-89AB-8DBDD5643C7A}.Debug|Any CPU.ActiveCfg = Debug|Any CPU
		{D6EC1C42-0C7B-43D0-89AB-8DBDD5643C7A}.Debug|Any CPU.Build.0 = Debug|Any CPU
		{D6EC1C42-0C7B-43D0-89AB-8DBDD5643C7A}.Release|Any CPU.ActiveCfg = Release|Any CPU
		{D6EC1C42-0C7B-43D0-89AB-8DBDD5643C7A}.Release|Any CPU.Build.0 = Release|Any CPU
	EndGlobalSection
	GlobalSection(SolutionProperties) = preSolution
		HideSolutionNode = FALSE
	EndGlobalSection
	GlobalSection(ExtensibilityGlobals) = postSolution
		SolutionGuid = {C23DD57D-4FBF-4D58-9A72-10DFE844C780}
	EndGlobalSection
EndGlobal
