
Microsoft Visual Studio Solution File, Format Version 12.00
# Visual Studio Version 17
VisualStudioVersion = 17.0.31903.59
MinimumVisualStudioVersion = 10.0.40219.1
Project("{FAE04EC0-301F-11D3-BF4B-00C04F79EFBC}") = "SUHttpServer", "SUHttpServer\SUHttpServer.csproj", "{74BF32AC-C9BB-4F36-858E-8C1BF0BED89C}"
EndProject
Global
	GlobalSection(SolutionConfigurationPlatforms) = preSolution
		Debug|Any CPU = Debug|Any CPU
		Release|Any CPU = Release|Any CPU
	EndGlobalSection
	GlobalSection(ProjectConfigurationPlatforms) = postSolution
		{74BF32AC-C9BB-4F36-858E-8C1BF0BED89C}.Debug|Any CPU.ActiveCfg = Debug|Any CPU
		{74BF32AC-C9BB-4F36-858E-8C1BF0BED89C}.Debug|Any CPU.Build.0 = Debug|Any CPU
		{74BF32AC-C9BB-4F36-858E-8C1BF0BED89C}.Release|Any CPU.ActiveCfg = Release|Any CPU
		{74BF32AC-C9BB-4F36-858E-8C1BF0BED89C}.Release|Any CPU.Build.0 = Release|Any CPU
	EndGlobalSection
	GlobalSection(SolutionProperties) = preSolution
		HideSolutionNode = FALSE
	EndGlobalSection
	GlobalSection(ExtensibilityGlobals) = postSolution
		SolutionGuid = {8A485102-BD2B-4E58-BB3F-3D86C55C2D77}
	EndGlobalSection
EndGlobal
