
Microsoft Visual Studio Solution File, Format Version 12.00
# Visual Studio Version 16
VisualStudioVersion = 16.0.30011.22
MinimumVisualStudioVersion = 10.0.40219.1
Project("{FAE04EC0-301F-11D3-BF4B-00C04F79EFBC}") = "05. Month Printer", "05. Month Printer\05. Month Printer.csproj", "{D496DE85-1A5E-4DF4-9014-684845026225}"
EndProject
Global
	GlobalSection(SolutionConfigurationPlatforms) = preSolution
		Debug|Any CPU = Debug|Any CPU
		Release|Any CPU = Release|Any CPU
	EndGlobalSection
	GlobalSection(ProjectConfigurationPlatforms) = postSolution
		{D496DE85-1A5E-4DF4-9014-684845026225}.Debug|Any CPU.ActiveCfg = Debug|Any CPU
		{D496DE85-1A5E-4DF4-9014-684845026225}.Debug|Any CPU.Build.0 = Debug|Any CPU
		{D496DE85-1A5E-4DF4-9014-684845026225}.Release|Any CPU.ActiveCfg = Release|Any CPU
		{D496DE85-1A5E-4DF4-9014-684845026225}.Release|Any CPU.Build.0 = Release|Any CPU
	EndGlobalSection
	GlobalSection(SolutionProperties) = preSolution
		HideSolutionNode = FALSE
	EndGlobalSection
	GlobalSection(ExtensibilityGlobals) = postSolution
		SolutionGuid = {696F5DB3-FC01-4BF3-8B8D-D4467999CDFB}
	EndGlobalSection
EndGlobal
