
Microsoft Visual Studio Solution File, Format Version 12.00
# Visual Studio Version 16
VisualStudioVersion = 16.0.30011.22
MinimumVisualStudioVersion = 10.0.40219.1
Project("{FAE04EC0-301F-11D3-BF4B-00C04F79EFBC}") = "04. Reverse String", "04. Reverse String\04. Reverse String.csproj", "{BC7015B7-0E76-498D-B68D-9D941E2C9F7F}"
EndProject
Global
	GlobalSection(SolutionConfigurationPlatforms) = preSolution
		Debug|Any CPU = Debug|Any CPU
		Release|Any CPU = Release|Any CPU
	EndGlobalSection
	GlobalSection(ProjectConfigurationPlatforms) = postSolution
		{BC7015B7-0E76-498D-B68D-9D941E2C9F7F}.Debug|Any CPU.ActiveCfg = Debug|Any CPU
		{BC7015B7-0E76-498D-B68D-9D941E2C9F7F}.Debug|Any CPU.Build.0 = Debug|Any CPU
		{BC7015B7-0E76-498D-B68D-9D941E2C9F7F}.Release|Any CPU.ActiveCfg = Release|Any CPU
		{BC7015B7-0E76-498D-B68D-9D941E2C9F7F}.Release|Any CPU.Build.0 = Release|Any CPU
	EndGlobalSection
	GlobalSection(SolutionProperties) = preSolution
		HideSolutionNode = FALSE
	EndGlobalSection
	GlobalSection(ExtensibilityGlobals) = postSolution
		SolutionGuid = {03BC144C-97C3-4AFF-BF4C-D1A84DFE95B8}
	EndGlobalSection
EndGlobal
