
Microsoft Visual Studio Solution File, Format Version 12.00
# Visual Studio Version 16
VisualStudioVersion = 16.0.30011.22
MinimumVisualStudioVersion = 10.0.40219.1
Project("{FAE04EC0-301F-11D3-BF4B-00C04F79EFBC}") = "06. Strong Number", "06. Strong Number\06. Strong Number.csproj", "{FA4A7C87-3649-4354-9C0E-076FCDA1BE9C}"
EndProject
Global
	GlobalSection(SolutionConfigurationPlatforms) = preSolution
		Debug|Any CPU = Debug|Any CPU
		Release|Any CPU = Release|Any CPU
	EndGlobalSection
	GlobalSection(ProjectConfigurationPlatforms) = postSolution
		{FA4A7C87-3649-4354-9C0E-076FCDA1BE9C}.Debug|Any CPU.ActiveCfg = Debug|Any CPU
		{FA4A7C87-3649-4354-9C0E-076FCDA1BE9C}.Debug|Any CPU.Build.0 = Debug|Any CPU
		{FA4A7C87-3649-4354-9C0E-076FCDA1BE9C}.Release|Any CPU.ActiveCfg = Release|Any CPU
		{FA4A7C87-3649-4354-9C0E-076FCDA1BE9C}.Release|Any CPU.Build.0 = Release|Any CPU
	EndGlobalSection
	GlobalSection(SolutionProperties) = preSolution
		HideSolutionNode = FALSE
	EndGlobalSection
	GlobalSection(ExtensibilityGlobals) = postSolution
		SolutionGuid = {CD9D7A0E-D6D0-4F40-AD32-FB69A5480451}
	EndGlobalSection
EndGlobal
