
Microsoft Visual Studio Solution File, Format Version 12.00
# Visual Studio Version 16
VisualStudioVersion = 16.0.30011.22
MinimumVisualStudioVersion = 10.0.40219.1
Project("{FAE04EC0-301F-11D3-BF4B-00C04F79EFBC}") = "07. ConcatNames", "07. ConcatNames\07. ConcatNames.csproj", "{16AD8159-6B26-47CC-97A2-F553E03024DD}"
EndProject
Global
	GlobalSection(SolutionConfigurationPlatforms) = preSolution
		Debug|Any CPU = Debug|Any CPU
		Release|Any CPU = Release|Any CPU
	EndGlobalSection
	GlobalSection(ProjectConfigurationPlatforms) = postSolution
		{16AD8159-6B26-47CC-97A2-F553E03024DD}.Debug|Any CPU.ActiveCfg = Debug|Any CPU
		{16AD8159-6B26-47CC-97A2-F553E03024DD}.Debug|Any CPU.Build.0 = Debug|Any CPU
		{16AD8159-6B26-47CC-97A2-F553E03024DD}.Release|Any CPU.ActiveCfg = Release|Any CPU
		{16AD8159-6B26-47CC-97A2-F553E03024DD}.Release|Any CPU.Build.0 = Release|Any CPU
	EndGlobalSection
	GlobalSection(SolutionProperties) = preSolution
		HideSolutionNode = FALSE
	EndGlobalSection
	GlobalSection(ExtensibilityGlobals) = postSolution
		SolutionGuid = {266E9C35-B9AB-40ED-8654-464AA428BD30}
	EndGlobalSection
EndGlobal
