
Microsoft Visual Studio Solution File, Format Version 12.00
# Visual Studio Version 16
VisualStudioVersion = 16.0.30011.22
MinimumVisualStudioVersion = 10.0.40219.1
Project("{FAE04EC0-301F-11D3-BF4B-00C04F79EFBC}") = "04. SumOfChars", "04. SumOfChars\04. SumOfChars.csproj", "{FF655C08-2EDC-416B-A5FA-D34594ACAA67}"
EndProject
Global
	GlobalSection(SolutionConfigurationPlatforms) = preSolution
		Debug|Any CPU = Debug|Any CPU
		Release|Any CPU = Release|Any CPU
	EndGlobalSection
	GlobalSection(ProjectConfigurationPlatforms) = postSolution
		{FF655C08-2EDC-416B-A5FA-D34594ACAA67}.Debug|Any CPU.ActiveCfg = Debug|Any CPU
		{FF655C08-2EDC-416B-A5FA-D34594ACAA67}.Debug|Any CPU.Build.0 = Debug|Any CPU
		{FF655C08-2EDC-416B-A5FA-D34594ACAA67}.Release|Any CPU.ActiveCfg = Release|Any CPU
		{FF655C08-2EDC-416B-A5FA-D34594ACAA67}.Release|Any CPU.Build.0 = Release|Any CPU
	EndGlobalSection
	GlobalSection(SolutionProperties) = preSolution
		HideSolutionNode = FALSE
	EndGlobalSection
	GlobalSection(ExtensibilityGlobals) = postSolution
		SolutionGuid = {BCA1994D-C6E4-4AC3-A2A3-26F0BC4E92FC}
	EndGlobalSection
EndGlobal
