
Microsoft Visual Studio Solution File, Format Version 12.00
# Visual Studio Version 16
VisualStudioVersion = 16.0.31005.135
MinimumVisualStudioVersion = 10.0.40219.1
Project("{9A19103F-16F7-4668-BE54-9A1E7A4F7556}") = "Vehicles", "Vehicles\Vehicles.csproj", "{8C618698-AAF0-4E0C-A31A-DFB675B78DA5}"
EndProject
Project("{9A19103F-16F7-4668-BE54-9A1E7A4F7556}") = "Heroes", "Heroes\Heroes.csproj", "{52CB3665-1E3A-4B9C-81B2-2C47A1BC0D14}"
EndProject
Project("{FAE04EC0-301F-11D3-BF4B-00C04F79EFBC}") = "WildFarm", "WildFarm\WildFarm.csproj", "{DFD2403E-DE98-43A7-ACFC-A04B20F676B4}"
EndProject
Global
	GlobalSection(SolutionConfigurationPlatforms) = preSolution
		Debug|Any CPU = Debug|Any CPU
		Release|Any CPU = Release|Any CPU
	EndGlobalSection
	GlobalSection(ProjectConfigurationPlatforms) = postSolution
		{8C618698-AAF0-4E0C-A31A-DFB675B78DA5}.Debug|Any CPU.ActiveCfg = Debug|Any CPU
		{8C618698-AAF0-4E0C-A31A-DFB675B78DA5}.Debug|Any CPU.Build.0 = Debug|Any CPU
		{8C618698-AAF0-4E0C-A31A-DFB675B78DA5}.Release|Any CPU.ActiveCfg = Release|Any CPU
		{8C618698-AAF0-4E0C-A31A-DFB675B78DA5}.Release|Any CPU.Build.0 = Release|Any CPU
		{52CB3665-1E3A-4B9C-81B2-2C47A1BC0D14}.Debug|Any CPU.ActiveCfg = Debug|Any CPU
		{52CB3665-1E3A-4B9C-81B2-2C47A1BC0D14}.Debug|Any CPU.Build.0 = Debug|Any CPU
		{52CB3665-1E3A-4B9C-81B2-2C47A1BC0D14}.Release|Any CPU.ActiveCfg = Release|Any CPU
		{52CB3665-1E3A-4B9C-81B2-2C47A1BC0D14}.Release|Any CPU.Build.0 = Release|Any CPU
		{DFD2403E-DE98-43A7-ACFC-A04B20F676B4}.Debug|Any CPU.ActiveCfg = Debug|Any CPU
		{DFD2403E-DE98-43A7-ACFC-A04B20F676B4}.Debug|Any CPU.Build.0 = Debug|Any CPU
		{DFD2403E-DE98-43A7-ACFC-A04B20F676B4}.Release|Any CPU.ActiveCfg = Release|Any CPU
		{DFD2403E-DE98-43A7-ACFC-A04B20F676B4}.Release|Any CPU.Build.0 = Release|Any CPU
	EndGlobalSection
	GlobalSection(SolutionProperties) = preSolution
		HideSolutionNode = FALSE
	EndGlobalSection
	GlobalSection(ExtensibilityGlobals) = postSolution
		SolutionGuid = {6E990F61-0A00-4A31-A4C3-CA432DEF22D3}
	EndGlobalSection
EndGlobal
