
Microsoft Visual Studio Solution File, Format Version 12.00
# Visual Studio Version 16
VisualStudioVersion = 16.0.30011.22
MinimumVisualStudioVersion = 10.0.40219.1
Project("{FAE04EC0-301F-11D3-BF4B-00C04F79EFBC}") = "03. Passed Or Failed", "03. Passed Or Failed\03. Passed Or Failed.csproj", "{A5B3A835-7D62-4B94-A188-C9B46C861831}"
EndProject
Global
	GlobalSection(SolutionConfigurationPlatforms) = preSolution
		Debug|Any CPU = Debug|Any CPU
		Release|Any CPU = Release|Any CPU
	EndGlobalSection
	GlobalSection(ProjectConfigurationPlatforms) = postSolution
		{A5B3A835-7D62-4B94-A188-C9B46C861831}.Debug|Any CPU.ActiveCfg = Debug|Any CPU
		{A5B3A835-7D62-4B94-A188-C9B46C861831}.Debug|Any CPU.Build.0 = Debug|Any CPU
		{A5B3A835-7D62-4B94-A188-C9B46C861831}.Release|Any CPU.ActiveCfg = Release|Any CPU
		{A5B3A835-7D62-4B94-A188-C9B46C861831}.Release|Any CPU.Build.0 = Release|Any CPU
	EndGlobalSection
	GlobalSection(SolutionProperties) = preSolution
		HideSolutionNode = FALSE
	EndGlobalSection
	GlobalSection(ExtensibilityGlobals) = postSolution
		SolutionGuid = {57EFC823-AD42-4C5A-856C-43B84F8740B6}
	EndGlobalSection
EndGlobal
