
Microsoft Visual Studio Solution File, Format Version 12.00
# Visual Studio Version 16
VisualStudioVersion = 16.0.30011.22
MinimumVisualStudioVersion = 10.0.40219.1
Project("{FAE04EC0-301F-11D3-BF4B-00C04F79EFBC}") = "08. Divisible by 3", "08. Divisible by 3\08. Divisible by 3.csproj", "{3439016F-400C-48E3-B335-26973B350310}"
EndProject
Global
	GlobalSection(SolutionConfigurationPlatforms) = preSolution
		Debug|Any CPU = Debug|Any CPU
		Release|Any CPU = Release|Any CPU
	EndGlobalSection
	GlobalSection(ProjectConfigurationPlatforms) = postSolution
		{3439016F-400C-48E3-B335-26973B350310}.Debug|Any CPU.ActiveCfg = Debug|Any CPU
		{3439016F-400C-48E3-B335-26973B350310}.Debug|Any CPU.Build.0 = Debug|Any CPU
		{3439016F-400C-48E3-B335-26973B350310}.Release|Any CPU.ActiveCfg = Release|Any CPU
		{3439016F-400C-48E3-B335-26973B350310}.Release|Any CPU.Build.0 = Release|Any CPU
	EndGlobalSection
	GlobalSection(SolutionProperties) = preSolution
		HideSolutionNode = FALSE
	EndGlobalSection
	GlobalSection(ExtensibilityGlobals) = postSolution
		SolutionGuid = {C84AC9BA-CD15-4EF9-AE82-0ACA5303294D}
	EndGlobalSection
EndGlobal
