
Microsoft Visual Studio Solution File, Format Version 12.00
# Visual Studio Version 16
VisualStudioVersion = 16.0.30717.126
MinimumVisualStudioVersion = 10.0.40219.1
Project("{FAE04EC0-301F-11D3-BF4B-00C04F79EFBC}") = "CarManufacturer", "CarManufacturer\CarManufacturer.csproj", "{1804CA30-07EE-4265-9911-53A76E41767E}"
EndProject
Global
	GlobalSection(SolutionConfigurationPlatforms) = preSolution
		Debug|Any CPU = Debug|Any CPU
		Release|Any CPU = Release|Any CPU
	EndGlobalSection
	GlobalSection(ProjectConfigurationPlatforms) = postSolution
		{1804CA30-07EE-4265-9911-53A76E41767E}.Debug|Any CPU.ActiveCfg = Debug|Any CPU
		{1804CA30-07EE-4265-9911-53A76E41767E}.Debug|Any CPU.Build.0 = Debug|Any CPU
		{1804CA30-07EE-4265-9911-53A76E41767E}.Release|Any CPU.ActiveCfg = Release|Any CPU
		{1804CA30-07EE-4265-9911-53A76E41767E}.Release|Any CPU.Build.0 = Release|Any CPU
	EndGlobalSection
	GlobalSection(SolutionProperties) = preSolution
		HideSolutionNode = FALSE
	EndGlobalSection
	GlobalSection(ExtensibilityGlobals) = postSolution
		SolutionGuid = {44D8CB83-D23E-48BB-BE4A-26299BDEF719}
	EndGlobalSection
EndGlobal
