
Microsoft Visual Studio Solution File, Format Version 12.00
# Visual Studio Version 16
VisualStudioVersion = 16.0.30011.22
MinimumVisualStudioVersion = 10.0.40219.1
Project("{FAE04EC0-301F-11D3-BF4B-00C04F79EFBC}") = "01. Reverse Strings", "01. Reverse Strings\01. Reverse Strings.csproj", "{666A9FC0-376B-4248-BA54-6998AC56763F}"
EndProject
Project("{FAE04EC0-301F-11D3-BF4B-00C04F79EFBC}") = "02. Repeat Strings", "02. Repeat Strings\02. Repeat Strings.csproj", "{96FF0F68-D1A9-454A-B056-52BD37743379}"
EndProject
Project("{FAE04EC0-301F-11D3-BF4B-00C04F79EFBC}") = "03. Substring", "03. Substring\03. Substring.csproj", "{8407A0CC-3B69-4472-9A8D-31577522E8E7}"
EndProject
Project("{FAE04EC0-301F-11D3-BF4B-00C04F79EFBC}") = "04. Text Filter", "04. Text Filter\04. Text Filter.csproj", "{FD08A352-F686-495B-9A6F-29263FAF8149}"
EndProject
Project("{FAE04EC0-301F-11D3-BF4B-00C04F79EFBC}") = "05. Digits, Letters and Other", "05. Digits, Letters and Other\05. Digits, Letters and Other.csproj", "{B33B81CD-23D6-476D-99B9-D0FE2EDED88A}"
EndProject
Global
	GlobalSection(SolutionConfigurationPlatforms) = preSolution
		Debug|Any CPU = Debug|Any CPU
		Release|Any CPU = Release|Any CPU
	EndGlobalSection
	GlobalSection(ProjectConfigurationPlatforms) = postSolution
		{666A9FC0-376B-4248-BA54-6998AC56763F}.Debug|Any CPU.ActiveCfg = Debug|Any CPU
		{666A9FC0-376B-4248-BA54-6998AC56763F}.Debug|Any CPU.Build.0 = Debug|Any CPU
		{666A9FC0-376B-4248-BA54-6998AC56763F}.Release|Any CPU.ActiveCfg = Release|Any CPU
		{666A9FC0-376B-4248-BA54-6998AC56763F}.Release|Any CPU.Build.0 = Release|Any CPU
		{96FF0F68-D1A9-454A-B056-52BD37743379}.Debug|Any CPU.ActiveCfg = Debug|Any CPU
		{96FF0F68-D1A9-454A-B056-52BD37743379}.Debug|Any CPU.Build.0 = Debug|Any CPU
		{96FF0F68-D1A9-454A-B056-52BD37743379}.Release|Any CPU.ActiveCfg = Release|Any CPU
		{96FF0F68-D1A9-454A-B056-52BD37743379}.Release|Any CPU.Build.0 = Release|Any CPU
		{8407A0CC-3B69-4472-9A8D-31577522E8E7}.Debug|Any CPU.ActiveCfg = Debug|Any CPU
		{8407A0CC-3B69-4472-9A8D-31577522E8E7}.Debug|Any CPU.Build.0 = Debug|Any CPU
		{8407A0CC-3B69-4472-9A8D-31577522E8E7}.Release|Any CPU.ActiveCfg = Release|Any CPU
		{8407A0CC-3B69-4472-9A8D-31577522E8E7}.Release|Any CPU.Build.0 = Release|Any CPU
		{FD08A352-F686-495B-9A6F-29263FAF8149}.Debug|Any CPU.ActiveCfg = Debug|Any CPU
		{FD08A352-F686-495B-9A6F-29263FAF8149}.Debug|Any CPU.Build.0 = Debug|Any CPU
		{FD08A352-F686-495B-9A6F-29263FAF8149}.Release|Any CPU.ActiveCfg = Release|Any CPU
		{FD08A352-F686-495B-9A6F-29263FAF8149}.Release|Any CPU.Build.0 = Release|Any CPU
		{B33B81CD-23D6-476D-99B9-D0FE2EDED88A}.Debug|Any CPU.ActiveCfg = Debug|Any CPU
		{B33B81CD-23D6-476D-99B9-D0FE2EDED88A}.Debug|Any CPU.Build.0 = Debug|Any CPU
		{B33B81CD-23D6-476D-99B9-D0FE2EDED88A}.Release|Any CPU.ActiveCfg = Release|Any CPU
		{B33B81CD-23D6-476D-99B9-D0FE2EDED88A}.Release|Any CPU.Build.0 = Release|Any CPU
	EndGlobalSection
	GlobalSection(SolutionProperties) = preSolution
		HideSolutionNode = FALSE
	EndGlobalSection
	GlobalSection(ExtensibilityGlobals) = postSolution
		SolutionGuid = {430BC3A2-2FBB-44D8-A13C-B330D869635F}
	EndGlobalSection
EndGlobal
