
Microsoft Visual Studio Solution File, Format Version 12.00
# Visual Studio Version 16
VisualStudioVersion = 16.0.30717.126
MinimumVisualStudioVersion = 10.0.40219.1
Project("{9A19103F-16F7-4668-BE54-9A1E7A4F7556}") = "01. Sort Even Numbers", "01. Sort Even Numbers\01. Sort Even Numbers.csproj", "{243503E8-8FCE-4B0A-9CBF-CF276BAE3441}"
EndProject
Project("{9A19103F-16F7-4668-BE54-9A1E7A4F7556}") = "02. Sum Numbers", "02. Sum Numbers\02. Sum Numbers.csproj", "{468FD423-9745-4CFC-9FCD-62693FFC0349}"
EndProject
Project("{FAE04EC0-301F-11D3-BF4B-00C04F79EFBC}") = "03. Count Uppercase Words", "03. Count Uppercase Words\03. Count Uppercase Words.csproj", "{62A343D3-91F7-4556-B00B-64D521A8AA6F}"
EndProject
Project("{FAE04EC0-301F-11D3-BF4B-00C04F79EFBC}") = "04. Add VAT", "04. Add VAT\04. Add VAT.csproj", "{F5CA57B6-EC22-48C3-B0BA-F6A8005455DF}"
EndProject
Project("{FAE04EC0-301F-11D3-BF4B-00C04F79EFBC}") = "05. Filter By Age", "05. Filter By Age\05. Filter By Age.csproj", "{C97CE740-1CE4-479C-9C64-EB654CFE11C0}"
EndProject
Global
	GlobalSection(SolutionConfigurationPlatforms) = preSolution
		Debug|Any CPU = Debug|Any CPU
		Release|Any CPU = Release|Any CPU
	EndGlobalSection
	GlobalSection(ProjectConfigurationPlatforms) = postSolution
		{243503E8-8FCE-4B0A-9CBF-CF276BAE3441}.Debug|Any CPU.ActiveCfg = Debug|Any CPU
		{243503E8-8FCE-4B0A-9CBF-CF276BAE3441}.Debug|Any CPU.Build.0 = Debug|Any CPU
		{243503E8-8FCE-4B0A-9CBF-CF276BAE3441}.Release|Any CPU.ActiveCfg = Release|Any CPU
		{243503E8-8FCE-4B0A-9CBF-CF276BAE3441}.Release|Any CPU.Build.0 = Release|Any CPU
		{468FD423-9745-4CFC-9FCD-62693FFC0349}.Debug|Any CPU.ActiveCfg = Debug|Any CPU
		{468FD423-9745-4CFC-9FCD-62693FFC0349}.Debug|Any CPU.Build.0 = Debug|Any CPU
		{468FD423-9745-4CFC-9FCD-62693FFC0349}.Release|Any CPU.ActiveCfg = Release|Any CPU
		{468FD423-9745-4CFC-9FCD-62693FFC0349}.Release|Any CPU.Build.0 = Release|Any CPU
		{62A343D3-91F7-4556-B00B-64D521A8AA6F}.Debug|Any CPU.ActiveCfg = Debug|Any CPU
		{62A343D3-91F7-4556-B00B-64D521A8AA6F}.Debug|Any CPU.Build.0 = Debug|Any CPU
		{62A343D3-91F7-4556-B00B-64D521A8AA6F}.Release|Any CPU.ActiveCfg = Release|Any CPU
		{62A343D3-91F7-4556-B00B-64D521A8AA6F}.Release|Any CPU.Build.0 = Release|Any CPU
		{F5CA57B6-EC22-48C3-B0BA-F6A8005455DF}.Debug|Any CPU.ActiveCfg = Debug|Any CPU
		{F5CA57B6-EC22-48C3-B0BA-F6A8005455DF}.Debug|Any CPU.Build.0 = Debug|Any CPU
		{F5CA57B6-EC22-48C3-B0BA-F6A8005455DF}.Release|Any CPU.ActiveCfg = Release|Any CPU
		{F5CA57B6-EC22-48C3-B0BA-F6A8005455DF}.Release|Any CPU.Build.0 = Release|Any CPU
		{C97CE740-1CE4-479C-9C64-EB654CFE11C0}.Debug|Any CPU.ActiveCfg = Debug|Any CPU
		{C97CE740-1CE4-479C-9C64-EB654CFE11C0}.Debug|Any CPU.Build.0 = Debug|Any CPU
		{C97CE740-1CE4-479C-9C64-EB654CFE11C0}.Release|Any CPU.ActiveCfg = Release|Any CPU
		{C97CE740-1CE4-479C-9C64-EB654CFE11C0}.Release|Any CPU.Build.0 = Release|Any CPU
	EndGlobalSection
	GlobalSection(SolutionProperties) = preSolution
		HideSolutionNode = FALSE
	EndGlobalSection
	GlobalSection(ExtensibilityGlobals) = postSolution
		SolutionGuid = {0E8B93C9-17F9-44B1-A3FF-09E8194F402B}
	EndGlobalSection
EndGlobal
