
Microsoft Visual Studio Solution File, Format Version 12.00
# Visual Studio Version 16
VisualStudioVersion = 16.0.30717.126
MinimumVisualStudioVersion = 10.0.40219.1
Project("{9A19103F-16F7-4668-BE54-9A1E7A4F7556}") = "01. Flower Wreaths", "01. Flower Wreaths\01. Flower Wreaths.csproj", "{6B7E5EFD-28F1-416C-BD5D-175FAEC77263}"
EndProject
Project("{9A19103F-16F7-4668-BE54-9A1E7A4F7556}") = "02. Bee", "02. Bee\02. Bee.csproj", "{8FCD38F6-F557-42E4-904A-D19D3C6C1A39}"
EndProject
Project("{9A19103F-16F7-4668-BE54-9A1E7A4F7556}") = "01. Cooking", "01. Cooking\01. Cooking.csproj", "{B9D68732-B0A2-4EE2-9EAB-3A04197750AD}"
EndProject
Project("{9A19103F-16F7-4668-BE54-9A1E7A4F7556}") = "01. Scheduling", "01. Scheduling\01. Scheduling.csproj", "{0C77C832-3DAA-4495-ACBD-3F4E2B0A8126}"
EndProject
Project("{9A19103F-16F7-4668-BE54-9A1E7A4F7556}") = "02. Garden", "02. Garden\02. Garden.csproj", "{97C9015F-7F55-4E7A-BA77-917D06166903}"
EndProject
Project("{9A19103F-16F7-4668-BE54-9A1E7A4F7556}") = "02. Selling", "02. Selling\02. Selling.csproj", "{D149FC9C-2A68-4942-A080-AC6378AE6DFD}"
EndProject
Project("{9A19103F-16F7-4668-BE54-9A1E7A4F7556}") = "01. Bombs", "01. Bombs\01. Bombs.csproj", "{7287C829-35B7-4C80-8F8B-ECAF10034941}"
EndProject
Project("{9A19103F-16F7-4668-BE54-9A1E7A4F7556}") = "02. Snake", "02. Snake\02. Snake.csproj", "{315414E3-9A6E-49F3-A30C-D3E1E6AC5CC3}"
EndProject
Project("{9A19103F-16F7-4668-BE54-9A1E7A4F7556}") = "Parking", "Parking\Parking\Parking.csproj", "{9B076BE6-94AE-4BE2-9927-B4073E9E97F6}"
EndProject
Project("{FAE04EC0-301F-11D3-BF4B-00C04F79EFBC}") = "02. Re-Volt", "02. Re-Volt\02. Re-Volt.csproj", "{8E3EA81A-32B9-4EBD-A1E3-D584664E976C}"
EndProject
Global
	GlobalSection(SolutionConfigurationPlatforms) = preSolution
		Debug|Any CPU = Debug|Any CPU
		Release|Any CPU = Release|Any CPU
	EndGlobalSection
	GlobalSection(ProjectConfigurationPlatforms) = postSolution
		{6B7E5EFD-28F1-416C-BD5D-175FAEC77263}.Debug|Any CPU.ActiveCfg = Debug|Any CPU
		{6B7E5EFD-28F1-416C-BD5D-175FAEC77263}.Debug|Any CPU.Build.0 = Debug|Any CPU
		{6B7E5EFD-28F1-416C-BD5D-175FAEC77263}.Release|Any CPU.ActiveCfg = Release|Any CPU
		{6B7E5EFD-28F1-416C-BD5D-175FAEC77263}.Release|Any CPU.Build.0 = Release|Any CPU
		{8FCD38F6-F557-42E4-904A-D19D3C6C1A39}.Debug|Any CPU.ActiveCfg = Debug|Any CPU
		{8FCD38F6-F557-42E4-904A-D19D3C6C1A39}.Debug|Any CPU.Build.0 = Debug|Any CPU
		{8FCD38F6-F557-42E4-904A-D19D3C6C1A39}.Release|Any CPU.ActiveCfg = Release|Any CPU
		{8FCD38F6-F557-42E4-904A-D19D3C6C1A39}.Release|Any CPU.Build.0 = Release|Any CPU
		{B9D68732-B0A2-4EE2-9EAB-3A04197750AD}.Debug|Any CPU.ActiveCfg = Debug|Any CPU
		{B9D68732-B0A2-4EE2-9EAB-3A04197750AD}.Debug|Any CPU.Build.0 = Debug|Any CPU
		{B9D68732-B0A2-4EE2-9EAB-3A04197750AD}.Release|Any CPU.ActiveCfg = Release|Any CPU
		{B9D68732-B0A2-4EE2-9EAB-3A04197750AD}.Release|Any CPU.Build.0 = Release|Any CPU
		{0C77C832-3DAA-4495-ACBD-3F4E2B0A8126}.Debug|Any CPU.ActiveCfg = Debug|Any CPU
		{0C77C832-3DAA-4495-ACBD-3F4E2B0A8126}.Debug|Any CPU.Build.0 = Debug|Any CPU
		{0C77C832-3DAA-4495-ACBD-3F4E2B0A8126}.Release|Any CPU.ActiveCfg = Release|Any CPU
		{0C77C832-3DAA-4495-ACBD-3F4E2B0A8126}.Release|Any CPU.Build.0 = Release|Any CPU
		{97C9015F-7F55-4E7A-BA77-917D06166903}.Debug|Any CPU.ActiveCfg = Debug|Any CPU
		{97C9015F-7F55-4E7A-BA77-917D06166903}.Debug|Any CPU.Build.0 = Debug|Any CPU
		{97C9015F-7F55-4E7A-BA77-917D06166903}.Release|Any CPU.ActiveCfg = Release|Any CPU
		{97C9015F-7F55-4E7A-BA77-917D06166903}.Release|Any CPU.Build.0 = Release|Any CPU
		{D149FC9C-2A68-4942-A080-AC6378AE6DFD}.Debug|Any CPU.ActiveCfg = Debug|Any CPU
		{D149FC9C-2A68-4942-A080-AC6378AE6DFD}.Debug|Any CPU.Build.0 = Debug|Any CPU
		{D149FC9C-2A68-4942-A080-AC6378AE6DFD}.Release|Any CPU.ActiveCfg = Release|Any CPU
		{D149FC9C-2A68-4942-A080-AC6378AE6DFD}.Release|Any CPU.Build.0 = Release|Any CPU
		{7287C829-35B7-4C80-8F8B-ECAF10034941}.Debug|Any CPU.ActiveCfg = Debug|Any CPU
		{7287C829-35B7-4C80-8F8B-ECAF10034941}.Debug|Any CPU.Build.0 = Debug|Any CPU
		{7287C829-35B7-4C80-8F8B-ECAF10034941}.Release|Any CPU.ActiveCfg = Release|Any CPU
		{7287C829-35B7-4C80-8F8B-ECAF10034941}.Release|Any CPU.Build.0 = Release|Any CPU
		{315414E3-9A6E-49F3-A30C-D3E1E6AC5CC3}.Debug|Any CPU.ActiveCfg = Debug|Any CPU
		{315414E3-9A6E-49F3-A30C-D3E1E6AC5CC3}.Debug|Any CPU.Build.0 = Debug|Any CPU
		{315414E3-9A6E-49F3-A30C-D3E1E6AC5CC3}.Release|Any CPU.ActiveCfg = Release|Any CPU
		{315414E3-9A6E-49F3-A30C-D3E1E6AC5CC3}.Release|Any CPU.Build.0 = Release|Any CPU
		{9B076BE6-94AE-4BE2-9927-B4073E9E97F6}.Debug|Any CPU.ActiveCfg = Debug|Any CPU
		{9B076BE6-94AE-4BE2-9927-B4073E9E97F6}.Debug|Any CPU.Build.0 = Debug|Any CPU
		{9B076BE6-94AE-4BE2-9927-B4073E9E97F6}.Release|Any CPU.ActiveCfg = Release|Any CPU
		{9B076BE6-94AE-4BE2-9927-B4073E9E97F6}.Release|Any CPU.Build.0 = Release|Any CPU
		{8E3EA81A-32B9-4EBD-A1E3-D584664E976C}.Debug|Any CPU.ActiveCfg = Debug|Any CPU
		{8E3EA81A-32B9-4EBD-A1E3-D584664E976C}.Debug|Any CPU.Build.0 = Debug|Any CPU
		{8E3EA81A-32B9-4EBD-A1E3-D584664E976C}.Release|Any CPU.ActiveCfg = Release|Any CPU
		{8E3EA81A-32B9-4EBD-A1E3-D584664E976C}.Release|Any CPU.Build.0 = Release|Any CPU
	EndGlobalSection
	GlobalSection(SolutionProperties) = preSolution
		HideSolutionNode = FALSE
	EndGlobalSection
	GlobalSection(ExtensibilityGlobals) = postSolution
		SolutionGuid = {B249D77D-29CB-435F-9913-F5690A3C4146}
	EndGlobalSection
EndGlobal
